
Microsoft Visual Studio Solution File, Format Version 12.00
# Visual Studio Version 16
VisualStudioVersion = 16.0.31402.337
MinimumVisualStudioVersion = 10.0.40219.1
Project("{9A19103F-16F7-4668-BE54-9A1E7A4F7556}") = "EFCoreCodeFirst", "EFCoreDemo\EFCoreCodeFirst.csproj", "{8746B240-5E90-4C9E-9824-1E964707555F}"
EndProject
Global
	GlobalSection(SolutionConfigurationPlatforms) = preSolution
		Debug|Any CPU = Debug|Any CPU
		Release|Any CPU = Release|Any CPU
	EndGlobalSection
	GlobalSection(ProjectConfigurationPlatforms) = postSolution
		{8746B240-5E90-4C9E-9824-1E964707555F}.Debug|Any CPU.ActiveCfg = Debug|Any CPU
		{8746B240-5E90-4C9E-9824-1E964707555F}.Debug|Any CPU.Build.0 = Debug|Any CPU
		{8746B240-5E90-4C9E-9824-1E964707555F}.Release|Any CPU.ActiveCfg = Release|Any CPU
		{8746B240-5E90-4C9E-9824-1E964707555F}.Release|Any CPU.Build.0 = Release|Any CPU
	EndGlobalSection
	GlobalSection(SolutionProperties) = preSolution
		HideSolutionNode = FALSE
	EndGlobalSection
	GlobalSection(ExtensibilityGlobals) = postSolution
		SolutionGuid = {EFAA3A14-9B6A-4DAB-90CD-F62838B79D48}
	EndGlobalSection
EndGlobal
